
Microsoft Visual Studio Solution File, Format Version 12.00
# Visual Studio Version 17
VisualStudioVersion = 17.7.34018.315
MinimumVisualStudioVersion = 10.0.40219.1
Project("{FAE04EC0-301F-11D3-BF4B-00C04F79EFBC}") = "TheCompleteCSharp", "TheCompleteCSharp\TheCompleteCSharp.csproj", "{5B8E0D5F-0725-4179-896B-F05199FDE883}"
EndProject
Global
	GlobalSection(SolutionConfigurationPlatforms) = preSolution
		Debug|Any CPU = Debug|Any CPU
		Release|Any CPU = Release|Any CPU
	EndGlobalSection
	GlobalSection(ProjectConfigurationPlatforms) = postSolution
		{5B8E0D5F-0725-4179-896B-F05199FDE883}.Debug|Any CPU.ActiveCfg = Debug|Any CPU
		{5B8E0D5F-0725-4179-896B-F05199FDE883}.Debug|Any CPU.Build.0 = Debug|Any CPU
		{5B8E0D5F-0725-4179-896B-F05199FDE883}.Release|Any CPU.ActiveCfg = Release|Any CPU
		{5B8E0D5F-0725-4179-896B-F05199FDE883}.Release|Any CPU.Build.0 = Release|Any CPU
	EndGlobalSection
	GlobalSection(SolutionProperties) = preSolution
		HideSolutionNode = FALSE
	EndGlobalSection
	GlobalSection(ExtensibilityGlobals) = postSolution
		SolutionGuid = {09947D6B-E709-47B2-97C6-5E68F0A0D34A}
	EndGlobalSection
EndGlobal
